{
  "object": {
    "pins": [
      {
        "package": "RickAndMortyAPI",
        "repositoryURL": "https://github.com/erikfloresq/RickAndMortyAPI.git",
        "state": {
          "branch": null,
          "revision": "de4a4ab296b1117d75d3d4e48ced5120e0af1caa",
          "version": "0.1.0"
        }
      }
    ]
  },
  "version": 1
}
